
Microsoft Visual Studio Solution File, Format Version 12.00
# Visual Studio 2012
Project("{FAE04EC0-301F-11D3-BF4B-00C04F79EFBC}") = "mvc4_1", "mvc4_1\mvc4_1.csproj", "{0C2EE343-866F-4E67-89F8-EA477A7D817F}"
EndProject
Project("{FAE04EC0-301F-11D3-BF4B-00C04F79EFBC}") = "CommonHelp", "CommonHelp\CommonHelp.csproj", "{04AD915E-A1BC-4922-95FA-25E24383C656}"
EndProject
Project("{FAE04EC0-301F-11D3-BF4B-00C04F79EFBC}") = "ZS.Framework.Cache", "ZS.Framework.Cache\ZS.Framework.Cache.csproj", "{120C2ADD-02EE-416C-84E7-056FC25E7AB6}"
EndProject
Project("{FAE04EC0-301F-11D3-BF4B-00C04F79EFBC}") = "Singleton_DanLi", "DanLi\Singleton_DanLi.csproj", "{EE8B60D3-CA1B-4B52-A463-729AC7B1407D}"
EndProject
Project("{FAE04EC0-301F-11D3-BF4B-00C04F79EFBC}") = "IDAL", "IDAL\IDAL.csproj", "{7FC46848-3DCA-4446-A2EF-A25C908F2AEF}"
EndProject
Project("{FAE04EC0-301F-11D3-BF4B-00C04F79EFBC}") = "Factory", "Factory\Factory.csproj", "{F2AA6CBD-5FC6-4190-BFD0-AAF5FDE9C934}"
EndProject
Project("{2150E333-8FDC-42A3-9474-1A3956D46DE8}") = "SheJiMoShi", "SheJiMoShi", "{7F8C3493-BBB7-46B5-BA7B-CE5F1616C8EB}"
EndProject
Project("{FAE04EC0-301F-11D3-BF4B-00C04F79EFBC}") = "Strategy_CeLv", "Strategy(CeLve)\Strategy_CeLv.csproj", "{296D0C5D-79F4-4013-9665-57773D3EBC29}"
EndProject
Project("{2150E333-8FDC-42A3-9474-1A3956D46DE8}") = "DuiLi", "DuiLi", "{77B91DCB-753F-4EE5-B78F-FE00FE44A44B}"
EndProject
Project("{FAE04EC0-301F-11D3-BF4B-00C04F79EFBC}") = "DuiLI", "DuiLI\DuiLI.csproj", "{0CD82D31-076B-4E1B-828D-B40C00DC721F}"
EndProject
Project("{2150E333-8FDC-42A3-9474-1A3956D46DE8}") = "Xml", "Xml", "{C4EFEC98-281E-4BC2-8725-E3E92C7ED6C0}"
EndProject
Project("{FAE04EC0-301F-11D3-BF4B-00C04F79EFBC}") = "CreateXml", "CreateXml\CreateXml.csproj", "{7ED5FC34-038E-4217-BE29-4319DA4BF98C}"
EndProject
Project("{FAE04EC0-301F-11D3-BF4B-00C04F79EFBC}") = "ReadXml", "ReadXml\ReadXml.csproj", "{CD2B2D91-65B5-408D-BBA0-264A35161C72}"
EndProject
Project("{FAE04EC0-301F-11D3-BF4B-00C04F79EFBC}") = "Reamove_ModifiyXml", "ReamoveXml\Reamove_ModifiyXml.csproj", "{A333B84A-893E-454D-9718-3BAF4BF0D426}"
EndProject
Project("{2150E333-8FDC-42A3-9474-1A3956D46DE8}") = "SuanFa", "SuanFa", "{0FF72AAF-9A52-4C4B-93D0-4B0682AB5BA8}"
EndProject
Project("{FAE04EC0-301F-11D3-BF4B-00C04F79EFBC}") = "SuanFa", "SuanFa\SuanFa.csproj", "{E80FA5EB-2C0A-4E18-881C-DD768114C0A2}"
EndProject
Project("{2150E333-8FDC-42A3-9474-1A3956D46DE8}") = "DanYuanCeShi", "DanYuanCeShi", "{5AE09ABD-1A2D-457F-B1ED-660B14F44D59}"
EndProject
Project("{FAE04EC0-301F-11D3-BF4B-00C04F79EFBC}") = "DaiCe", "DaiCe\DaiCe.csproj", "{E888E56F-078D-48B2-B008-438D9C9B461D}"
EndProject
Project("{FAE04EC0-301F-11D3-BF4B-00C04F79EFBC}") = "DaiCeTests", "DaiCeTests\DaiCeTests.csproj", "{D30D5F2E-41E3-4A45-BA8A-926A31D8647E}"
EndProject
Project("{FAE04EC0-301F-11D3-BF4B-00C04F79EFBC}") = "DAL", "DAL\DAL.csproj", "{440FAF27-A4E4-4E34-9672-E12BA71168D7}"
EndProject
Project("{FAE04EC0-301F-11D3-BF4B-00C04F79EFBC}") = "BLL", "BLL\BLL.csproj", "{A4E4F0A7-AC06-4646-BD16-6127B4FD966F}"
EndProject
Project("{FAE04EC0-301F-11D3-BF4B-00C04F79EFBC}") = "MODEl", "MODEl\MODEl.csproj", "{C0A7DC5D-FBEB-4520-AE64-A5F7BC0B2CB5}"
EndProject
Global
	GlobalSection(SolutionConfigurationPlatforms) = preSolution
		Debug|Any CPU = Debug|Any CPU
		Release|Any CPU = Release|Any CPU
	EndGlobalSection
	GlobalSection(ProjectConfigurationPlatforms) = postSolution
		{0C2EE343-866F-4E67-89F8-EA477A7D817F}.Debug|Any CPU.ActiveCfg = Debug|Any CPU
		{0C2EE343-866F-4E67-89F8-EA477A7D817F}.Debug|Any CPU.Build.0 = Debug|Any CPU
		{0C2EE343-866F-4E67-89F8-EA477A7D817F}.Release|Any CPU.ActiveCfg = Release|Any CPU
		{0C2EE343-866F-4E67-89F8-EA477A7D817F}.Release|Any CPU.Build.0 = Release|Any CPU
		{04AD915E-A1BC-4922-95FA-25E24383C656}.Debug|Any CPU.ActiveCfg = Debug|Any CPU
		{04AD915E-A1BC-4922-95FA-25E24383C656}.Debug|Any CPU.Build.0 = Debug|Any CPU
		{04AD915E-A1BC-4922-95FA-25E24383C656}.Release|Any CPU.ActiveCfg = Release|Any CPU
		{04AD915E-A1BC-4922-95FA-25E24383C656}.Release|Any CPU.Build.0 = Release|Any CPU
		{120C2ADD-02EE-416C-84E7-056FC25E7AB6}.Debug|Any CPU.ActiveCfg = Debug|Any CPU
		{120C2ADD-02EE-416C-84E7-056FC25E7AB6}.Debug|Any CPU.Build.0 = Debug|Any CPU
		{120C2ADD-02EE-416C-84E7-056FC25E7AB6}.Release|Any CPU.ActiveCfg = Release|Any CPU
		{120C2ADD-02EE-416C-84E7-056FC25E7AB6}.Release|Any CPU.Build.0 = Release|Any CPU
		{EE8B60D3-CA1B-4B52-A463-729AC7B1407D}.Debug|Any CPU.ActiveCfg = Debug|Any CPU
		{EE8B60D3-CA1B-4B52-A463-729AC7B1407D}.Debug|Any CPU.Build.0 = Debug|Any CPU
		{EE8B60D3-CA1B-4B52-A463-729AC7B1407D}.Release|Any CPU.ActiveCfg = Release|Any CPU
		{EE8B60D3-CA1B-4B52-A463-729AC7B1407D}.Release|Any CPU.Build.0 = Release|Any CPU
		{7FC46848-3DCA-4446-A2EF-A25C908F2AEF}.Debug|Any CPU.ActiveCfg = Debug|Any CPU
		{7FC46848-3DCA-4446-A2EF-A25C908F2AEF}.Debug|Any CPU.Build.0 = Debug|Any CPU
		{7FC46848-3DCA-4446-A2EF-A25C908F2AEF}.Release|Any CPU.ActiveCfg = Release|Any CPU
		{7FC46848-3DCA-4446-A2EF-A25C908F2AEF}.Release|Any CPU.Build.0 = Release|Any CPU
		{F2AA6CBD-5FC6-4190-BFD0-AAF5FDE9C934}.Debug|Any CPU.ActiveCfg = Debug|Any CPU
		{F2AA6CBD-5FC6-4190-BFD0-AAF5FDE9C934}.Debug|Any CPU.Build.0 = Debug|Any CPU
		{F2AA6CBD-5FC6-4190-BFD0-AAF5FDE9C934}.Release|Any CPU.ActiveCfg = Release|Any CPU
		{F2AA6CBD-5FC6-4190-BFD0-AAF5FDE9C934}.Release|Any CPU.Build.0 = Release|Any CPU
		{296D0C5D-79F4-4013-9665-57773D3EBC29}.Debug|Any CPU.ActiveCfg = Debug|Any CPU
		{296D0C5D-79F4-4013-9665-57773D3EBC29}.Debug|Any CPU.Build.0 = Debug|Any CPU
		{296D0C5D-79F4-4013-9665-57773D3EBC29}.Release|Any CPU.ActiveCfg = Release|Any CPU
		{296D0C5D-79F4-4013-9665-57773D3EBC29}.Release|Any CPU.Build.0 = Release|Any CPU
		{0CD82D31-076B-4E1B-828D-B40C00DC721F}.Debug|Any CPU.ActiveCfg = Debug|Any CPU
		{0CD82D31-076B-4E1B-828D-B40C00DC721F}.Debug|Any CPU.Build.0 = Debug|Any CPU
		{0CD82D31-076B-4E1B-828D-B40C00DC721F}.Release|Any CPU.ActiveCfg = Release|Any CPU
		{0CD82D31-076B-4E1B-828D-B40C00DC721F}.Release|Any CPU.Build.0 = Release|Any CPU
		{7ED5FC34-038E-4217-BE29-4319DA4BF98C}.Debug|Any CPU.ActiveCfg = Debug|Any CPU
		{7ED5FC34-038E-4217-BE29-4319DA4BF98C}.Debug|Any CPU.Build.0 = Debug|Any CPU
		{7ED5FC34-038E-4217-BE29-4319DA4BF98C}.Release|Any CPU.ActiveCfg = Release|Any CPU
		{7ED5FC34-038E-4217-BE29-4319DA4BF98C}.Release|Any CPU.Build.0 = Release|Any CPU
		{CD2B2D91-65B5-408D-BBA0-264A35161C72}.Debug|Any CPU.ActiveCfg = Debug|Any CPU
		{CD2B2D91-65B5-408D-BBA0-264A35161C72}.Debug|Any CPU.Build.0 = Debug|Any CPU
		{CD2B2D91-65B5-408D-BBA0-264A35161C72}.Release|Any CPU.ActiveCfg = Release|Any CPU
		{CD2B2D91-65B5-408D-BBA0-264A35161C72}.Release|Any CPU.Build.0 = Release|Any CPU
		{A333B84A-893E-454D-9718-3BAF4BF0D426}.Debug|Any CPU.ActiveCfg = Debug|Any CPU
		{A333B84A-893E-454D-9718-3BAF4BF0D426}.Debug|Any CPU.Build.0 = Debug|Any CPU
		{A333B84A-893E-454D-9718-3BAF4BF0D426}.Release|Any CPU.ActiveCfg = Release|Any CPU
		{A333B84A-893E-454D-9718-3BAF4BF0D426}.Release|Any CPU.Build.0 = Release|Any CPU
		{E80FA5EB-2C0A-4E18-881C-DD768114C0A2}.Debug|Any CPU.ActiveCfg = Debug|Any CPU
		{E80FA5EB-2C0A-4E18-881C-DD768114C0A2}.Debug|Any CPU.Build.0 = Debug|Any CPU
		{E80FA5EB-2C0A-4E18-881C-DD768114C0A2}.Release|Any CPU.ActiveCfg = Release|Any CPU
		{E80FA5EB-2C0A-4E18-881C-DD768114C0A2}.Release|Any CPU.Build.0 = Release|Any CPU
		{E888E56F-078D-48B2-B008-438D9C9B461D}.Debug|Any CPU.ActiveCfg = Debug|Any CPU
		{E888E56F-078D-48B2-B008-438D9C9B461D}.Debug|Any CPU.Build.0 = Debug|Any CPU
		{E888E56F-078D-48B2-B008-438D9C9B461D}.Release|Any CPU.ActiveCfg = Release|Any CPU
		{E888E56F-078D-48B2-B008-438D9C9B461D}.Release|Any CPU.Build.0 = Release|Any CPU
		{D30D5F2E-41E3-4A45-BA8A-926A31D8647E}.Debug|Any CPU.ActiveCfg = Debug|Any CPU
		{D30D5F2E-41E3-4A45-BA8A-926A31D8647E}.Debug|Any CPU.Build.0 = Debug|Any CPU
		{D30D5F2E-41E3-4A45-BA8A-926A31D8647E}.Release|Any CPU.ActiveCfg = Release|Any CPU
		{D30D5F2E-41E3-4A45-BA8A-926A31D8647E}.Release|Any CPU.Build.0 = Release|Any CPU
		{440FAF27-A4E4-4E34-9672-E12BA71168D7}.Debug|Any CPU.ActiveCfg = Debug|Any CPU
		{440FAF27-A4E4-4E34-9672-E12BA71168D7}.Debug|Any CPU.Build.0 = Debug|Any CPU
		{440FAF27-A4E4-4E34-9672-E12BA71168D7}.Release|Any CPU.ActiveCfg = Release|Any CPU
		{440FAF27-A4E4-4E34-9672-E12BA71168D7}.Release|Any CPU.Build.0 = Release|Any CPU
		{A4E4F0A7-AC06-4646-BD16-6127B4FD966F}.Debug|Any CPU.ActiveCfg = Debug|Any CPU
		{A4E4F0A7-AC06-4646-BD16-6127B4FD966F}.Debug|Any CPU.Build.0 = Debug|Any CPU
		{A4E4F0A7-AC06-4646-BD16-6127B4FD966F}.Release|Any CPU.ActiveCfg = Release|Any CPU
		{A4E4F0A7-AC06-4646-BD16-6127B4FD966F}.Release|Any CPU.Build.0 = Release|Any CPU
		{C0A7DC5D-FBEB-4520-AE64-A5F7BC0B2CB5}.Debug|Any CPU.ActiveCfg = Debug|Any CPU
		{C0A7DC5D-FBEB-4520-AE64-A5F7BC0B2CB5}.Debug|Any CPU.Build.0 = Debug|Any CPU
		{C0A7DC5D-FBEB-4520-AE64-A5F7BC0B2CB5}.Release|Any CPU.ActiveCfg = Release|Any CPU
		{C0A7DC5D-FBEB-4520-AE64-A5F7BC0B2CB5}.Release|Any CPU.Build.0 = Release|Any CPU
	EndGlobalSection
	GlobalSection(SolutionProperties) = preSolution
		HideSolutionNode = FALSE
	EndGlobalSection
	GlobalSection(NestedProjects) = preSolution
		{EE8B60D3-CA1B-4B52-A463-729AC7B1407D} = {7F8C3493-BBB7-46B5-BA7B-CE5F1616C8EB}
		{296D0C5D-79F4-4013-9665-57773D3EBC29} = {7F8C3493-BBB7-46B5-BA7B-CE5F1616C8EB}
		{0CD82D31-076B-4E1B-828D-B40C00DC721F} = {77B91DCB-753F-4EE5-B78F-FE00FE44A44B}
		{7ED5FC34-038E-4217-BE29-4319DA4BF98C} = {C4EFEC98-281E-4BC2-8725-E3E92C7ED6C0}
		{CD2B2D91-65B5-408D-BBA0-264A35161C72} = {C4EFEC98-281E-4BC2-8725-E3E92C7ED6C0}
		{A333B84A-893E-454D-9718-3BAF4BF0D426} = {C4EFEC98-281E-4BC2-8725-E3E92C7ED6C0}
		{E80FA5EB-2C0A-4E18-881C-DD768114C0A2} = {0FF72AAF-9A52-4C4B-93D0-4B0682AB5BA8}
		{E888E56F-078D-48B2-B008-438D9C9B461D} = {5AE09ABD-1A2D-457F-B1ED-660B14F44D59}
	EndGlobalSection
EndGlobal
